
Microsoft Visual Studio Solution File, Format Version 12.00
# Visual Studio Version 17
VisualStudioVersion = 17.9.34714.143
MinimumVisualStudioVersion = 10.0.40219.1
Project("{FAE04EC0-301F-11D3-BF4B-00C04F79EFBC}") = "GitHubPractice", "GitHubPractice\GitHubPractice.csproj", "{ECD3CF05-D904-4ADD-9F77-CD581ACF057B}"
EndProject
Global
	GlobalSection(SolutionConfigurationPlatforms) = preSolution
		Debug|Any CPU = Debug|Any CPU
		Release|Any CPU = Release|Any CPU
	EndGlobalSection
	GlobalSection(ProjectConfigurationPlatforms) = postSolution
		{ECD3CF05-D904-4ADD-9F77-CD581ACF057B}.Debug|Any CPU.ActiveCfg = Debug|Any CPU
		{ECD3CF05-D904-4ADD-9F77-CD581ACF057B}.Debug|Any CPU.Build.0 = Debug|Any CPU
		{ECD3CF05-D904-4ADD-9F77-CD581ACF057B}.Release|Any CPU.ActiveCfg = Release|Any CPU
		{ECD3CF05-D904-4ADD-9F77-CD581ACF057B}.Release|Any CPU.Build.0 = Release|Any CPU
	EndGlobalSection
	GlobalSection(SolutionProperties) = preSolution
		HideSolutionNode = FALSE
	EndGlobalSection
	GlobalSection(ExtensibilityGlobals) = postSolution
		SolutionGuid = {3D5E38E1-46A4-458D-B17C-E75C22CDA587}
	EndGlobalSection
EndGlobal
